{
  "name": "redis-lua-types",
  "version": "0.1.0",
  "lockfileVersion": 1,
  "requires": true,
  "dependencies": {
    "lua-types": {
      "version": "2.8.0",
      "resolved": "https://registry.npmjs.org/lua-types/-/lua-types-2.8.0.tgz",
      "integrity": "sha512-FJY32giHIqD/XW1XGkJnl8XotXIJsJ2M42fj9A2UudttWA6orJioToW1OpgPdayTr+S1/oTO7i+hfBY3UVG8Fg=="
    }
  }
}
